# This file is generated by running "yarn install" inside your project.
# Manual changes might be lost - proceed with caution!

__metadata:
  version: 5
  cacheKey: 8

"abort-controller@npm:^3.0.0":
  version: 3.0.0
  resolution: "abort-controller@npm:3.0.0"
  dependencies:
    event-target-shim: ^5.0.0
  checksum: 170bdba9b47b7e65906a28c8ce4f38a7a369d78e2271706f020849c1bfe0ee2067d4261df8bbb66eb84f79208fd5b710df759d64191db58cfba7ce8ef9c54b75
  languageName: node
  linkType: hard

"cors@npm:^2.8.5":
  version: 2.8.5
  resolution: "cors@npm:2.8.5"
  dependencies:
    object-assign: ^4
    vary: ^1
  checksum: ced838404ccd184f61ab4fdc5847035b681c90db7ac17e428f3d81d69e2989d2b680cc254da0e2554f5ed4f8a341820a1ce3d1c16b499f6e2f47a1b9b07b5006
  languageName: node
  linkType: hard

"event-target-shim@npm:^5.0.0":
  version: 5.0.1
  resolution: "event-target-shim@npm:5.0.1"
  checksum: 1ffe3bb22a6d51bdeb6bf6f7cf97d2ff4a74b017ad12284cc9e6a279e727dc30a5de6bb613e5596ff4dc3e517841339ad09a7eec44266eccb1aa201a30448166
  languageName: node
  linkType: hard

"golf@workspace:.":
  version: 0.0.0-use.local
  resolution: "golf@workspace:."
  dependencies:
    cors: ^2.8.5
    pusher: ^5.0.0
  languageName: unknown
  linkType: soft

"is-base64@npm:^1.1.0":
  version: 1.1.0
  resolution: "is-base64@npm:1.1.0"
  bin:
    is-base64: bin/is-base64
    is_base64: bin/is-base64
  checksum: 5935d054d04895cd617c20853b3cb6516db8c3852a2697ebcbda0d4889c9eb841ca0610c99108f83d4342b378fdd9d0f222227ec25f18528227479749d1833ac
  languageName: node
  linkType: hard

"node-fetch@npm:^2.6.1":
  version: 2.6.6
  resolution: "node-fetch@npm:2.6.6"
  dependencies:
    whatwg-url: ^5.0.0
  checksum: ee8290626bdb73629c59722b75dcf4b9b6a67c1ed7eb9102e368479c4a13b56a48c2bb3ad71571e378e98c8b2c64c820e11f9cd39e4b8557dd138ad571ef9a42
  languageName: node
  linkType: hard

"object-assign@npm:^4":
  version: 4.1.1
  resolution: "object-assign@npm:4.1.1"
  checksum: fcc6e4ea8c7fe48abfbb552578b1c53e0d194086e2e6bbbf59e0a536381a292f39943c6e9628af05b5528aa5e3318bb30d6b2e53cadaf5b8fe9e12c4b69af23f
  languageName: node
  linkType: hard

"pusher@npm:^5.0.0":
  version: 5.0.0
  resolution: "pusher@npm:5.0.0"
  dependencies:
    abort-controller: ^3.0.0
    is-base64: ^1.1.0
    node-fetch: ^2.6.1
    tweetnacl: ^1.0.0
    tweetnacl-util: ^0.15.0
  checksum: 961745f0c2f7dafebadea9939319f640c7a0d77e446a1ce101c23d3a894ec4d3557636ad596fdadfd10c6c2205c97096ba1dbc1e49be161650bb909e333838fe
  languageName: node
  linkType: hard

"tr46@npm:~0.0.3":
  version: 0.0.3
  resolution: "tr46@npm:0.0.3"
  checksum: 726321c5eaf41b5002e17ffbd1fb7245999a073e8979085dacd47c4b4e8068ff5777142fc6726d6ca1fd2ff16921b48788b87225cbc57c72636f6efa8efbffe3
  languageName: node
  linkType: hard

"tweetnacl-util@npm:^0.15.0":
  version: 0.15.1
  resolution: "tweetnacl-util@npm:0.15.1"
  checksum: ae6aa8a52cdd21a95103a4cc10657d6a2040b36c7a6da7b9d3ab811c6750a2d5db77e8c36969e75fdee11f511aa2b91c552496c6e8e989b6e490e54aca2864fc
  languageName: node
  linkType: hard

"tweetnacl@npm:^1.0.0":
  version: 1.0.3
  resolution: "tweetnacl@npm:1.0.3"
  checksum: e4a57cac188f0c53f24c7a33279e223618a2bfb5fea426231991652a13247bea06b081fd745d71291fcae0f4428d29beba1b984b1f1ce6f66b06a6d1ab90645c
  languageName: node
  linkType: hard

"vary@npm:^1":
  version: 1.1.2
  resolution: "vary@npm:1.1.2"
  checksum: ae0123222c6df65b437669d63dfa8c36cee20a504101b2fcd97b8bf76f91259c17f9f2b4d70a1e3c6bbcee7f51b28392833adb6b2770b23b01abec84e369660b
  languageName: node
  linkType: hard

"webidl-conversions@npm:^3.0.0":
  version: 3.0.1
  resolution: "webidl-conversions@npm:3.0.1"
  checksum: c92a0a6ab95314bde9c32e1d0a6dfac83b578f8fa5f21e675bc2706ed6981bc26b7eb7e6a1fab158e5ce4adf9caa4a0aee49a52505d4d13c7be545f15021b17c
  languageName: node
  linkType: hard

"whatwg-url@npm:^5.0.0":
  version: 5.0.0
  resolution: "whatwg-url@npm:5.0.0"
  dependencies:
    tr46: ~0.0.3
    webidl-conversions: ^3.0.0
  checksum: b8daed4ad3356cc4899048a15b2c143a9aed0dfae1f611ebd55073310c7b910f522ad75d727346ad64203d7e6c79ef25eafd465f4d12775ca44b90fa82ed9e2c
  languageName: node
  linkType: hard
